
Microsoft Visual Studio Solution File, Format Version 12.00
# Visual Studio Version 17
VisualStudioVersion = 17.14.36518.9 d17.14
MinimumVisualStudioVersion = 10.0.40219.1
Project("{FAE04EC0-301F-11D3-BF4B-00C04F79EFBC}") = "IrisPerezAparicio-TechSolutions_S.L-ASP-A-2.9-Ejercicio_de_repaso_para_AE", "IrisPerezAparicio-TechSolutions_S.L-ASP-A-2.9-Ejercicio_de_repaso_para_AE.csproj", "{A5892E50-EA6C-418F-A00B-BED3EC034977}"
EndProject
Global
	GlobalSection(SolutionConfigurationPlatforms) = preSolution
		Debug|Any CPU = Debug|Any CPU
		Release|Any CPU = Release|Any CPU
	EndGlobalSection
	GlobalSection(ProjectConfigurationPlatforms) = postSolution
		{A5892E50-EA6C-418F-A00B-BED3EC034977}.Debug|Any CPU.ActiveCfg = Debug|Any CPU
		{A5892E50-EA6C-418F-A00B-BED3EC034977}.Debug|Any CPU.Build.0 = Debug|Any CPU
		{A5892E50-EA6C-418F-A00B-BED3EC034977}.Release|Any CPU.ActiveCfg = Release|Any CPU
		{A5892E50-EA6C-418F-A00B-BED3EC034977}.Release|Any CPU.Build.0 = Release|Any CPU
	EndGlobalSection
	GlobalSection(SolutionProperties) = preSolution
		HideSolutionNode = FALSE
	EndGlobalSection
	GlobalSection(ExtensibilityGlobals) = postSolution
		SolutionGuid = {FDF03763-70B3-426E-8495-4F2CAF9CC48F}
	EndGlobalSection
EndGlobal
